{
  "name": "@fateforge/wechat-mp-cli",
  "version": "1.0.10",
  "lockfileVersion": 3,
  "requires": true,
  "packages": {
    "": {
      "name": "@fateforge/wechat-mp-cli",
      "version": "1.0.10",
      "license": "MIT",
      "bin": {
        "wechat-mp-cli": "scripts/run.js"
      },
      "engines": {
        "node": ">=16"
      },
      "optionalDependencies": {
        "@fateforge/wechat-mp-cli-darwin-arm64": "1.0.10",
        "@fateforge/wechat-mp-cli-darwin-x64": "1.0.10",
        "@fateforge/wechat-mp-cli-linux-arm64": "1.0.10",
        "@fateforge/wechat-mp-cli-linux-x64": "1.0.10",
        "@fateforge/wechat-mp-cli-win32-arm64": "1.0.10",
        "@fateforge/wechat-mp-cli-win32-x64": "1.0.10"
      }
    },
    "node_modules/@fateforge/wechat-mp-cli-darwin-arm64": {
      "optional": true
    },
    "node_modules/@fateforge/wechat-mp-cli-darwin-x64": {
      "optional": true
    },
    "node_modules/@fateforge/wechat-mp-cli-linux-arm64": {
      "optional": true
    },
    "node_modules/@fateforge/wechat-mp-cli-linux-x64": {
      "optional": true
    },
    "node_modules/@fateforge/wechat-mp-cli-win32-arm64": {
      "optional": true
    },
    "node_modules/@fateforge/wechat-mp-cli-win32-x64": {
      "optional": true
    }
  }
}
